{
    "_readme": [
        "This file locks the dependencies of your project to a known state",
        "Read more about it at https://getcomposer.org/doc/01-basic-usage.md#installing-dependencies",
        "This file is @generated automatically"
    ],
    "content-hash": "82afc9961b65c97b9746104a20ff103e",
    "packages": [],
    "packages-dev": [
        {
            "name": "fernix/fernix-theme-bootstrap",
            "version": "1.0.0",
            "source": {
                "type": "git",
                "url": "https://github.com/iofernix/fernix-theme-bootstrap.git",
                "reference": "85675f521b5ffe9119704827b79031a7ea6c8d8a"
            },
            "dist": {
                "type": "zip",
                "url": "https://api.github.com/repos/iofernix/fernix-theme-bootstrap/zipball/85675f521b5ffe9119704827b79031a7ea6c8d8a",
                "reference": "85675f521b5ffe9119704827b79031a7ea6c8d8a",
                "shasum": ""
            },
            "type": "library",
            "autoload": {
                "psr-4": {
                    "Support\\": "support/"
                }
            },
            "notification-url": "https://packagist.org/downloads/",
            "license": [
                "MIT"
            ],
            "authors": [
                {
                    "name": "Fernando Vargas",
                    "email": "fernando.vargas@fernix.io"
                }
            ],
            "support": {
                "issues": "https://github.com/iofernix/fernix-theme-bootstrap/issues",
                "source": "https://github.com/iofernix/fernix-theme-bootstrap/tree/1.0.0"
            },
            "time": "2020-10-28T06:39:57+00:00"
        }
    ],
    "aliases": [],
    "minimum-stability": "dev",
    "stability-flags": [],
    "prefer-stable": true,
    "prefer-lowest": false,
    "platform": [],
    "platform-dev": [],
    "plugin-api-version": "2.0.0"
}
